
Microsoft Visual Studio Solution File, Format Version 12.00
# Visual Studio Version 17
VisualStudioVersion = 17.2.32616.157
MinimumVisualStudioVersion = 10.0.40219.1
Project("{FAE04EC0-301F-11D3-BF4B-00C04F79EFBC}") = "Aula1-Prog-Avanc", "Aula1-Prog-Avanc.csproj", "{5BDF1174-A969-4D27-AEA0-D13812B6E8DA}"
EndProject
Global
	GlobalSection(SolutionConfigurationPlatforms) = preSolution
		Debug|Any CPU = Debug|Any CPU
		Release|Any CPU = Release|Any CPU
	EndGlobalSection
	GlobalSection(ProjectConfigurationPlatforms) = postSolution
		{5BDF1174-A969-4D27-AEA0-D13812B6E8DA}.Debug|Any CPU.ActiveCfg = Debug|Any CPU
		{5BDF1174-A969-4D27-AEA0-D13812B6E8DA}.Debug|Any CPU.Build.0 = Debug|Any CPU
		{5BDF1174-A969-4D27-AEA0-D13812B6E8DA}.Release|Any CPU.ActiveCfg = Release|Any CPU
		{5BDF1174-A969-4D27-AEA0-D13812B6E8DA}.Release|Any CPU.Build.0 = Release|Any CPU
	EndGlobalSection
	GlobalSection(SolutionProperties) = preSolution
		HideSolutionNode = FALSE
	EndGlobalSection
	GlobalSection(ExtensibilityGlobals) = postSolution
		SolutionGuid = {D63BA8FC-5D02-4515-88F5-6537B077F5AD}
	EndGlobalSection
EndGlobal
