
Microsoft Visual Studio Solution File, Format Version 12.00
# Visual Studio Version 17
VisualStudioVersion = 17.2.32616.157
MinimumVisualStudioVersion = 10.0.40219.1
Project("{FAE04EC0-301F-11D3-BF4B-00C04F79EFBC}") = "Aula3-Prog-Avanc-Paralela", "Aula3-Prog-Avanc-Paralela.csproj", "{4CEA02D6-31C4-4BC8-BDFE-187EF10C0FC8}"
EndProject
Global
	GlobalSection(SolutionConfigurationPlatforms) = preSolution
		Debug|Any CPU = Debug|Any CPU
		Release|Any CPU = Release|Any CPU
	EndGlobalSection
	GlobalSection(ProjectConfigurationPlatforms) = postSolution
		{4CEA02D6-31C4-4BC8-BDFE-187EF10C0FC8}.Debug|Any CPU.ActiveCfg = Debug|Any CPU
		{4CEA02D6-31C4-4BC8-BDFE-187EF10C0FC8}.Debug|Any CPU.Build.0 = Debug|Any CPU
		{4CEA02D6-31C4-4BC8-BDFE-187EF10C0FC8}.Release|Any CPU.ActiveCfg = Release|Any CPU
		{4CEA02D6-31C4-4BC8-BDFE-187EF10C0FC8}.Release|Any CPU.Build.0 = Release|Any CPU
	EndGlobalSection
	GlobalSection(SolutionProperties) = preSolution
		HideSolutionNode = FALSE
	EndGlobalSection
	GlobalSection(ExtensibilityGlobals) = postSolution
		SolutionGuid = {408267C5-782E-4B2F-95C7-CE0891A7CA14}
	EndGlobalSection
EndGlobal
